{
  "name": "leaf",
  "version": "1.0.0",
  "lockfileVersion": 1,
  "requires": true,
  "dependencies": {
    "gibs-leaflet": {
      "version": "1.1.1",
      "resolved": "https://registry.npmjs.org/gibs-leaflet/-/gibs-leaflet-1.1.1.tgz",
      "integrity": "sha512-0TS1OXkqpNJLTvmanOTiUfe7mGp9IOzP4trE4Ii7U0Ke3qjLHuIHyM9TG0SndDnYEB/VqPTb4EB9w0j0iAtg/w==",
      "requires": {
        "moment": "^2.22.2"
      }
    },
    "leaflet": {
      "version": "1.7.1",
      "resolved": "https://registry.npmjs.org/leaflet/-/leaflet-1.7.1.tgz",
      "integrity": "sha512-/xwPEBidtg69Q3HlqPdU3DnrXQOvQU/CCHA1tcDQVzOwm91YMYaILjNp7L4Eaw5Z4sOYdbBz6koWyibppd8Zqw=="
    },
    "moment": {
      "version": "2.29.1",
      "resolved": "https://registry.npmjs.org/moment/-/moment-2.29.1.tgz",
      "integrity": "sha512-kHmoybcPV8Sqy59DwNDY3Jefr64lK/by/da0ViFcuA4DH0vQg5Q6Ze5VimxkfQNSC+Mls/Kx53s7TjP1RhFEDQ=="
    }
  }
}
